
Microsoft Visual Studio Solution File, Format Version 12.00
# Visual Studio Version 17
VisualStudioVersion = 17.0.31903.59
MinimumVisualStudioVersion = 10.0.40219.1
Project("{FAE04EC0-301F-11D3-BF4B-00C04F79EFBC}") = "MedicalRecords.Core", "MedicalRecords.Core\MedicalRecords.Core.csproj", "{F3F74105-8472-4315-A20E-FBBFEF6D6271}"
EndProject
Project("{FAE04EC0-301F-11D3-BF4B-00C04F79EFBC}") = "MedicalRecords.Infrastructure", "MedicalRecords.Infrastructure\MedicalRecords.Infrastructure.csproj", "{31F51E31-615A-4FAC-B1D7-B88DFB3BCBBD}"
EndProject
Project("{FAE04EC0-301F-11D3-BF4B-00C04F79EFBC}") = "MedicalRecords.API", "MedicalRecords.API\MedicalRecords.API.csproj", "{B6D2B7B7-3FD3-407B-BB97-963FD44D2FCF}"
EndProject
Global
	GlobalSection(SolutionConfigurationPlatforms) = preSolution
		Debug|Any CPU = Debug|Any CPU
		Debug|x64 = Debug|x64
		Debug|x86 = Debug|x86
		Release|Any CPU = Release|Any CPU
		Release|x64 = Release|x64
		Release|x86 = Release|x86
	EndGlobalSection
	GlobalSection(ProjectConfigurationPlatforms) = postSolution
		{F3F74105-8472-4315-A20E-FBBFEF6D6271}.Debug|Any CPU.ActiveCfg = Debug|Any CPU
		{F3F74105-8472-4315-A20E-FBBFEF6D6271}.Debug|Any CPU.Build.0 = Debug|Any CPU
		{F3F74105-8472-4315-A20E-FBBFEF6D6271}.Debug|x64.ActiveCfg = Debug|Any CPU
		{F3F74105-8472-4315-A20E-FBBFEF6D6271}.Debug|x64.Build.0 = Debug|Any CPU
		{F3F74105-8472-4315-A20E-FBBFEF6D6271}.Debug|x86.ActiveCfg = Debug|Any CPU
		{F3F74105-8472-4315-A20E-FBBFEF6D6271}.Debug|x86.Build.0 = Debug|Any CPU
		{F3F74105-8472-4315-A20E-FBBFEF6D6271}.Release|Any CPU.ActiveCfg = Release|Any CPU
		{F3F74105-8472-4315-A20E-FBBFEF6D6271}.Release|Any CPU.Build.0 = Release|Any CPU
		{F3F74105-8472-4315-A20E-FBBFEF6D6271}.Release|x64.ActiveCfg = Release|Any CPU
		{F3F74105-8472-4315-A20E-FBBFEF6D6271}.Release|x64.Build.0 = Release|Any CPU
		{F3F74105-8472-4315-A20E-FBBFEF6D6271}.Release|x86.ActiveCfg = Release|Any CPU
		{F3F74105-8472-4315-A20E-FBBFEF6D6271}.Release|x86.Build.0 = Release|Any CPU
		{31F51E31-615A-4FAC-B1D7-B88DFB3BCBBD}.Debug|Any CPU.ActiveCfg = Debug|Any CPU
		{31F51E31-615A-4FAC-B1D7-B88DFB3BCBBD}.Debug|Any CPU.Build.0 = Debug|Any CPU
		{31F51E31-615A-4FAC-B1D7-B88DFB3BCBBD}.Debug|x64.ActiveCfg = Debug|Any CPU
		{31F51E31-615A-4FAC-B1D7-B88DFB3BCBBD}.Debug|x64.Build.0 = Debug|Any CPU
		{31F51E31-615A-4FAC-B1D7-B88DFB3BCBBD}.Debug|x86.ActiveCfg = Debug|Any CPU
		{31F51E31-615A-4FAC-B1D7-B88DFB3BCBBD}.Debug|x86.Build.0 = Debug|Any CPU
		{31F51E31-615A-4FAC-B1D7-B88DFB3BCBBD}.Release|Any CPU.ActiveCfg = Release|Any CPU
		{31F51E31-615A-4FAC-B1D7-B88DFB3BCBBD}.Release|Any CPU.Build.0 = Release|Any CPU
		{31F51E31-615A-4FAC-B1D7-B88DFB3BCBBD}.Release|x64.ActiveCfg = Release|Any CPU
		{31F51E31-615A-4FAC-B1D7-B88DFB3BCBBD}.Release|x64.Build.0 = Release|Any CPU
		{31F51E31-615A-4FAC-B1D7-B88DFB3BCBBD}.Release|x86.ActiveCfg = Release|Any CPU
		{31F51E31-615A-4FAC-B1D7-B88DFB3BCBBD}.Release|x86.Build.0 = Release|Any CPU
		{B6D2B7B7-3FD3-407B-BB97-963FD44D2FCF}.Debug|Any CPU.ActiveCfg = Debug|Any CPU
		{B6D2B7B7-3FD3-407B-BB97-963FD44D2FCF}.Debug|Any CPU.Build.0 = Debug|Any CPU
		{B6D2B7B7-3FD3-407B-BB97-963FD44D2FCF}.Debug|x64.ActiveCfg = Debug|Any CPU
		{B6D2B7B7-3FD3-407B-BB97-963FD44D2FCF}.Debug|x64.Build.0 = Debug|Any CPU
		{B6D2B7B7-3FD3-407B-BB97-963FD44D2FCF}.Debug|x86.ActiveCfg = Debug|Any CPU
		{B6D2B7B7-3FD3-407B-BB97-963FD44D2FCF}.Debug|x86.Build.0 = Debug|Any CPU
		{B6D2B7B7-3FD3-407B-BB97-963FD44D2FCF}.Release|Any CPU.ActiveCfg = Release|Any CPU
		{B6D2B7B7-3FD3-407B-BB97-963FD44D2FCF}.Release|Any CPU.Build.0 = Release|Any CPU
		{B6D2B7B7-3FD3-407B-BB97-963FD44D2FCF}.Release|x64.ActiveCfg = Release|Any CPU
		{B6D2B7B7-3FD3-407B-BB97-963FD44D2FCF}.Release|x64.Build.0 = Release|Any CPU
		{B6D2B7B7-3FD3-407B-BB97-963FD44D2FCF}.Release|x86.ActiveCfg = Release|Any CPU
		{B6D2B7B7-3FD3-407B-BB97-963FD44D2FCF}.Release|x86.Build.0 = Release|Any CPU
	EndGlobalSection
	GlobalSection(SolutionProperties) = preSolution
		HideSolutionNode = FALSE
	EndGlobalSection
EndGlobal
